
Microsoft Visual Studio Solution File, Format Version 12.00
# Visual Studio Version 17
VisualStudioVersion = 17.10.35027.167
MinimumVisualStudioVersion = 10.0.40219.1
Project("{FAE04EC0-301F-11D3-BF4B-00C04F79EFBC}") = "startnstop", "startnstop\startnstop.csproj", "{FDC7DCB5-1FD9-4064-9C6F-3BF4A56E496B}"
EndProject
Global
	GlobalSection(SolutionConfigurationPlatforms) = preSolution
		Debug|Any CPU = Debug|Any CPU
		Release|Any CPU = Release|Any CPU
	EndGlobalSection
	GlobalSection(ProjectConfigurationPlatforms) = postSolution
		{FDC7DCB5-1FD9-4064-9C6F-3BF4A56E496B}.Debug|Any CPU.ActiveCfg = Debug|Any CPU
		{FDC7DCB5-1FD9-4064-9C6F-3BF4A56E496B}.Debug|Any CPU.Build.0 = Debug|Any CPU
		{FDC7DCB5-1FD9-4064-9C6F-3BF4A56E496B}.Release|Any CPU.ActiveCfg = Release|Any CPU
		{FDC7DCB5-1FD9-4064-9C6F-3BF4A56E496B}.Release|Any CPU.Build.0 = Release|Any CPU
	EndGlobalSection
	GlobalSection(SolutionProperties) = preSolution
		HideSolutionNode = FALSE
	EndGlobalSection
	GlobalSection(ExtensibilityGlobals) = postSolution
		SolutionGuid = {7AE36FF7-6738-4297-B376-D37536453567}
	EndGlobalSection
EndGlobal
