
Microsoft Visual Studio Solution File, Format Version 12.00
# Visual Studio Version 17
VisualStudioVersion = 17.10.35027.167
MinimumVisualStudioVersion = 10.0.40219.1
Project("{FAE04EC0-301F-11D3-BF4B-00C04F79EFBC}") = "e", "e\e.csproj", "{6B8F576A-4036-46D3-963B-70E97E426D68}"
EndProject
Global
	GlobalSection(SolutionConfigurationPlatforms) = preSolution
		Debug|Any CPU = Debug|Any CPU
		Release|Any CPU = Release|Any CPU
	EndGlobalSection
	GlobalSection(ProjectConfigurationPlatforms) = postSolution
		{6B8F576A-4036-46D3-963B-70E97E426D68}.Debug|Any CPU.ActiveCfg = Debug|Any CPU
		{6B8F576A-4036-46D3-963B-70E97E426D68}.Debug|Any CPU.Build.0 = Debug|Any CPU
		{6B8F576A-4036-46D3-963B-70E97E426D68}.Release|Any CPU.ActiveCfg = Release|Any CPU
		{6B8F576A-4036-46D3-963B-70E97E426D68}.Release|Any CPU.Build.0 = Release|Any CPU
	EndGlobalSection
	GlobalSection(SolutionProperties) = preSolution
		HideSolutionNode = FALSE
	EndGlobalSection
	GlobalSection(ExtensibilityGlobals) = postSolution
		SolutionGuid = {B60F2BD1-1834-4ACF-A373-49B0BAF35169}
	EndGlobalSection
EndGlobal
